{
  "object": {
    "pins": [
      {
        "package": "ACarousel",
        "repositoryURL": "https://github.com/JWAutumn/ACarousel",
        "state": {
          "branch": null,
          "revision": "8a322513580f21288fd87eb3a1341c247b3e2a76",
          "version": "0.2.0"
        }
      },
      {
        "package": "ToastUI",
        "repositoryURL": "https://github.com/quanshousio/ToastUI",
        "state": {
          "branch": null,
          "revision": "b064788dd92a64fbd01208a65af10beded99062c",
          "version": "3.0.0"
        }
      }
    ]
  },
  "version": 1
}
